
Microsoft Visual Studio Solution File, Format Version 12.00
# Visual Studio Version 17
VisualStudioVersion = 17.13.35825.156 d17.13
MinimumVisualStudioVersion = 10.0.40219.1
Project("{8BC9CEB8-8B4A-11D0-8D11-00A0C91BC942}") = "plepa_homework", "plepa_homework.vcxproj", "{6E52BCC2-3F0E-46E4-8B55-254C6EAF5AC2}"
EndProject
Global
	GlobalSection(SolutionConfigurationPlatforms) = preSolution
		Debug|x64 = Debug|x64
		Debug|x86 = Debug|x86
		Release|x64 = Release|x64
		Release|x86 = Release|x86
	EndGlobalSection
	GlobalSection(ProjectConfigurationPlatforms) = postSolution
		{6E52BCC2-3F0E-46E4-8B55-254C6EAF5AC2}.Debug|x64.ActiveCfg = Debug|x64
		{6E52BCC2-3F0E-46E4-8B55-254C6EAF5AC2}.Debug|x64.Build.0 = Debug|x64
		{6E52BCC2-3F0E-46E4-8B55-254C6EAF5AC2}.Debug|x86.ActiveCfg = Debug|Win32
		{6E52BCC2-3F0E-46E4-8B55-254C6EAF5AC2}.Debug|x86.Build.0 = Debug|Win32
		{6E52BCC2-3F0E-46E4-8B55-254C6EAF5AC2}.Release|x64.ActiveCfg = Release|x64
		{6E52BCC2-3F0E-46E4-8B55-254C6EAF5AC2}.Release|x64.Build.0 = Release|x64
		{6E52BCC2-3F0E-46E4-8B55-254C6EAF5AC2}.Release|x86.ActiveCfg = Release|Win32
		{6E52BCC2-3F0E-46E4-8B55-254C6EAF5AC2}.Release|x86.Build.0 = Release|Win32
	EndGlobalSection
	GlobalSection(SolutionProperties) = preSolution
		HideSolutionNode = FALSE
	EndGlobalSection
	GlobalSection(ExtensibilityGlobals) = postSolution
		SolutionGuid = {BD55356F-0C98-4E73-A606-C39C9C63C864}
	EndGlobalSection
EndGlobal
